
Microsoft Visual Studio Solution File, Format Version 12.00
# Visual Studio Version 17
VisualStudioVersion = 17.7.34031.279
MinimumVisualStudioVersion = 10.0.40219.1
Project("{FAE04EC0-301F-11D3-BF4B-00C04F79EFBC}") = "Lab4Chernyshenko1", "Lab4Chernyshenko1\Lab4Chernyshenko1.csproj", "{B6DA82F7-8676-4C2B-8258-FA86E7FEB707}"
EndProject
Global
	GlobalSection(SolutionConfigurationPlatforms) = preSolution
		Debug|Any CPU = Debug|Any CPU
		Release|Any CPU = Release|Any CPU
	EndGlobalSection
	GlobalSection(ProjectConfigurationPlatforms) = postSolution
		{B6DA82F7-8676-4C2B-8258-FA86E7FEB707}.Debug|Any CPU.ActiveCfg = Debug|Any CPU
		{B6DA82F7-8676-4C2B-8258-FA86E7FEB707}.Debug|Any CPU.Build.0 = Debug|Any CPU
		{B6DA82F7-8676-4C2B-8258-FA86E7FEB707}.Release|Any CPU.ActiveCfg = Release|Any CPU
		{B6DA82F7-8676-4C2B-8258-FA86E7FEB707}.Release|Any CPU.Build.0 = Release|Any CPU
	EndGlobalSection
	GlobalSection(SolutionProperties) = preSolution
		HideSolutionNode = FALSE
	EndGlobalSection
	GlobalSection(ExtensibilityGlobals) = postSolution
		SolutionGuid = {481FC6BD-33CD-4977-8D6B-EE40C4C2774B}
	EndGlobalSection
EndGlobal
